// !$*UTF8*$!
{
	archiveVersion = 1;
	classes = {
	};
	objectVersion = 77;
	objects = {

/* Begin PBXBuildFile section */
		03A4658CD638D6C07E34600F /* DictateView.swift in Sources */ = {isa = PBXBuildFile; fileRef = 1BF6AA28F3907997D62C23E1 /* DictateView.swift */; };
		05B46674EDB8219D56A3D8C0 /* ReminderEventDTO.swift in Sources */ = {isa = PBXBuildFile; fileRef = 18775E994B22E961A54F8E3D /* ReminderEventDTO.swift */; };
		069E29A01E9404FE7A20C27C /* PlusJakartaSans-SemiBold.ttf in Resources */ = {isa = PBXBuildFile; fileRef = 5217F5221EB5EF78C46FC982 /* PlusJakartaSans-SemiBold.ttf */; };
		0DD7D612C97250275B7DA054 /* ReminderEditorModels.swift in Sources */ = {isa = PBXBuildFile; fileRef = F867C11913BB4FCF5D3D5E9F /* ReminderEditorModels.swift */; };
		0ED8EEED9492C17B5A9C0D64 /* PairingView.swift in Sources */ = {isa = PBXBuildFile; fileRef = B4651927088C4AF8826E38EE /* PairingView.swift */; };
		14271AAE2B1B55F6F1300DA3 /* CoupleDTO.swift in Sources */ = {isa = PBXBuildFile; fileRef = 614F6A4AF63E9073387D83DA /* CoupleDTO.swift */; };
		15F323D3A66EDD111C27312C /* Supabase in Frameworks */ = {isa = PBXBuildFile; productRef = 79DA0CE0B85E6A75ACD31F75 /* Supabase */; };
		19CC6DAF32A9EAEB84D31290 /* ReminderEditorView.swift in Sources */ = {isa = PBXBuildFile; fileRef = 4E1C46FF806BE5F4CFA6483B /* ReminderEditorView.swift */; };
		1AD98BC93C4B7A3128EE2499 /* LoveLanguageTests.swift in Sources */ = {isa = PBXBuildFile; fileRef = 4E44B9DF2E598986B1F41F82 /* LoveLanguageTests.swift */; };
		228F5CBF7BCA960AF4460003 /* GateSampleContent.swift in Sources */ = {isa = PBXBuildFile; fileRef = 34ECA85DC3BD65F3E274DEAA /* GateSampleContent.swift */; };
		27F0B2AF1AE96E58B63A4F3A /* ReminderTrigger.swift in Sources */ = {isa = PBXBuildFile; fileRef = 94FA6F604A0AE177F1E53E19 /* ReminderTrigger.swift */; };
		2813CCAF01B9B86418F73CEC /* CoupleDTO.swift in Sources */ = {isa = PBXBuildFile; fileRef = 614F6A4AF63E9073387D83DA /* CoupleDTO.swift */; };
		283326B0C9C4463EB1914AAC /* DailyCheckInView.swift in Sources */ = {isa = PBXBuildFile; fileRef = 72CA6E5DB9BE3E5FBF29230D /* DailyCheckInView.swift */; };
		2B4C98FD09C5DF07E514341D /* NotificationRouter.swift in Sources */ = {isa = PBXBuildFile; fileRef = 52F3922F7B12FD86A8B22121 /* NotificationRouter.swift */; };
		2BFF510CE94333807B0205DB /* PlusJakartaSans-Medium.ttf in Resources */ = {isa = PBXBuildFile; fileRef = AF2AA00C4EEE3F3D6C38CCB0 /* PlusJakartaSans-Medium.ttf */; };
		2FF010987033EA158398F278 /* BondComponents.swift in Sources */ = {isa = PBXBuildFile; fileRef = 340A2D4CAC587ED2F0F83D5F /* BondComponents.swift */; };
		3226DA024CFAFDA32F294D31 /* ProfileDTO.swift in Sources */ = {isa = PBXBuildFile; fileRef = C76495F38E8EC32C13087CAC /* ProfileDTO.swift */; };
		3335A9265520E6B1EC593C48 /* BondColors.swift in Sources */ = {isa = PBXBuildFile; fileRef = 90F93FCB23F083FC2424750E /* BondColors.swift */; };
		3347E8B65E2F3F00C5F91944 /* ReminderDTOTests.swift in Sources */ = {isa = PBXBuildFile; fileRef = 431E38A9565DAF005868FFB8 /* ReminderDTOTests.swift */; };
		346E3CA160F86EC6A841A71D /* BondWidgets.appex in Embed Foundation Extensions */ = {isa = PBXBuildFile; fileRef = 2D2331EDA51A63F2314DDB32 /* BondWidgets.appex */; settings = {ATTRIBUTES = (RemoveHeadersOnCopy, ); }; };
		35460CE84004F5686F3D5F10 /* Assets.xcassets in Resources */ = {isa = PBXBuildFile; fileRef = A42CD9882E06FC36B7BAC844 /* Assets.xcassets */; };
		3B838DF1DB360C572EA4A91F /* CoupleDTO.swift in Sources */ = {isa = PBXBuildFile; fileRef = 614F6A4AF63E9073387D83DA /* CoupleDTO.swift */; };
		3E927366F5DCD67A54AA83B4 /* DailyQuestionDTO.swift in Sources */ = {isa = PBXBuildFile; fileRef = 50E8F1F976E924BD6B235514 /* DailyQuestionDTO.swift */; };
		42216868266425D95BD996AB /* ReminderEventRepository.swift in Sources */ = {isa = PBXBuildFile; fileRef = C8A50E874ABC84170E0D26E6 /* ReminderEventRepository.swift */; };
		4423CE637C6D08B8C5EC785F /* ReminderDTO.swift in Sources */ = {isa = PBXBuildFile; fileRef = 585D1A7C6799459199130E5B /* ReminderDTO.swift */; };
		454F25C1F2972F1AF9FE2D2F /* PremiumGate.swift in Sources */ = {isa = PBXBuildFile; fileRef = 3F2E4B1106B687E94A91D464 /* PremiumGate.swift */; };
		470C83BD28F7511C14F4CCC1 /* RecurrencePreset.swift in Sources */ = {isa = PBXBuildFile; fileRef = 34C0EC429765DBD636FD8D72 /* RecurrencePreset.swift */; };
		48FFC533C5318497E0E802C3 /* ReminderRow.swift in Sources */ = {isa = PBXBuildFile; fileRef = 541C4F85BC1812B1C61978AD /* ReminderRow.swift */; };
		4A1FFC7369BB4120070D2C6D /* ProfileDTO.swift in Sources */ = {isa = PBXBuildFile; fileRef = C76495F38E8EC32C13087CAC /* ProfileDTO.swift */; };
		4DAE11F2CBF2C051D529BAFB /* BondColors.swift in Sources */ = {isa = PBXBuildFile; fileRef = 90F93FCB23F083FC2424750E /* BondColors.swift */; };
		4DE3625D81B03BBCE58C0E27 /* ReviewPromptTracker.swift in Sources */ = {isa = PBXBuildFile; fileRef = 951DA5990DC91CBAFC87A939 /* ReviewPromptTracker.swift */; };
		4E5B7E7C7B7C2FAF0E18EFE1 /* AppGroup.swift in Sources */ = {isa = PBXBuildFile; fileRef = 5E49B51523219D78344AB9A8 /* AppGroup.swift */; };
		4E84D3152AA02E4F975FD6F0 /* ReviewPromptTracker.swift in Sources */ = {isa = PBXBuildFile; fileRef = 951DA5990DC91CBAFC87A939 /* ReviewPromptTracker.swift */; };
		4EF4BBC8BE8D354A50EA4900 /* ReminderTemplate.swift in Sources */ = {isa = PBXBuildFile; fileRef = 301EDB6E9D1A234A90519B12 /* ReminderTemplate.swift */; };
		5094CCFB786B2EA0AB296343 /* ProfileDTOTests.swift in Sources */ = {isa = PBXBuildFile; fileRef = 51A5DD4BA2316889F39CDD24 /* ProfileDTOTests.swift */; };
		52F1860A269EF29ACE6EE0A3 /* AppGroup.swift in Sources */ = {isa = PBXBuildFile; fileRef = 5E49B51523219D78344AB9A8 /* AppGroup.swift */; };
		545C5035DF7F0E1CC933E769 /* AppStoreReviewLinks.swift in Sources */ = {isa = PBXBuildFile; fileRef = 957E650367A6CEF403C68524 /* AppStoreReviewLinks.swift */; };
		56281E60F20B712539F957FF /* LoveLanguage.swift in Sources */ = {isa = PBXBuildFile; fileRef = FF58AA7D81DFDBBF4E3D941F /* LoveLanguage.swift */; };
		570B143E3863237F137F676D /* CoupleDTOTests.swift in Sources */ = {isa = PBXBuildFile; fileRef = 9AA7F8207838DB6359ECF024 /* CoupleDTOTests.swift */; };
		57BC2289724538457316CAB4 /* MilestonesView.swift in Sources */ = {isa = PBXBuildFile; fileRef = 72C9DDB7D721FC614C52CF6E /* MilestonesView.swift */; };
		59AFA28B71534A359A9F6EC7 /* IntentSetupView.swift in Sources */ = {isa = PBXBuildFile; fileRef = CE93E308C0FE103E72C1E816 /* IntentSetupView.swift */; };
		5BD89CAF2DF131F4EE8FDC91 /* BondTheme.swift in Sources */ = {isa = PBXBuildFile; fileRef = 69CE561912A0D197FC73DEF0 /* BondTheme.swift */; };
		5D94D2F96EDDD2FF55327F9F /* MilestoneDTO.swift in Sources */ = {isa = PBXBuildFile; fileRef = 3A9691537350F5E42C03E679 /* MilestoneDTO.swift */; };
		5E95FA191A93BEB0EA23D220 /* Supabase in Frameworks */ = {isa = PBXBuildFile; productRef = 04DB1D81058B6E8FF4DBF480 /* Supabase */; };
		5F2AAFCE2DDEC7E0A254A5C5 /* ReminderRepository.swift in Sources */ = {isa = PBXBuildFile; fileRef = 7D57F25AA26A85B46F6A8446 /* ReminderRepository.swift */; };
		5FEE1E878E0187DE2EC0F5A6 /* ProfileDTO.swift in Sources */ = {isa = PBXBuildFile; fileRef = C76495F38E8EC32C13087CAC /* ProfileDTO.swift */; };
		62CD4EA4E0A59DBC6E22AE4C /* WidgetSnapshotPump.swift in Sources */ = {isa = PBXBuildFile; fileRef = F90568721DDE1134D8589429 /* WidgetSnapshotPump.swift */; };
		634A6D2B3462452976132097 /* ReminderEditorModels.swift in Sources */ = {isa = PBXBuildFile; fileRef = F867C11913BB4FCF5D3D5E9F /* ReminderEditorModels.swift */; };
		65B757C3698B213595B132C4 /* PaywallModifier.swift in Sources */ = {isa = PBXBuildFile; fileRef = 8BC77A8D75651643D578208A /* PaywallModifier.swift */; };
		6782BCD1DA14CFA28E8B63DD /* PaywallView.swift in Sources */ = {isa = PBXBuildFile; fileRef = D805023C4E04450F773363ED /* PaywallView.swift */; };
		6EB1C7BDDF8E1A60572C72C0 /* ReminderDTO.swift in Sources */ = {isa = PBXBuildFile; fileRef = 585D1A7C6799459199130E5B /* ReminderDTO.swift */; };
		6F6C2CB3F5A0CF9120D0AAA9 /* BondWidgetsBundle.swift in Sources */ = {isa = PBXBuildFile; fileRef = B67A2D6BC9AC30CDB4726850 /* BondWidgetsBundle.swift */; };
		70A539715E4A0D1CFDFDF4AF /* DailyCheckInService.swift in Sources */ = {isa = PBXBuildFile; fileRef = 4A6CFD466E5A10EC3632F8A8 /* DailyCheckInService.swift */; };
		71AEF9419BAA21E69F7A012F /* BondWatch.app in Embed Watch Content */ = {isa = PBXBuildFile; fileRef = 902B35CB888AF0397097702E /* BondWatch.app */; settings = {ATTRIBUTES = (RemoveHeadersOnCopy, ); }; };
		7411F1A8C72A107812C597EB /* ReminderTrigger.swift in Sources */ = {isa = PBXBuildFile; fileRef = 94FA6F604A0AE177F1E53E19 /* ReminderTrigger.swift */; };
		74931C84D00EDF96A27AB45B /* ReminderEditorModelsTests.swift in Sources */ = {isa = PBXBuildFile; fileRef = D85CCE368AE1BB6440274221 /* ReminderEditorModelsTests.swift */; };
		76443759E56A5F120FBA2AF3 /* NotificationPrimerSheet.swift in Sources */ = {isa = PBXBuildFile; fileRef = 6817074B516199A1A5B909F4 /* NotificationPrimerSheet.swift */; };
		7A63C76588E01152BAE592FC /* WatchConnectivitySender.swift in Sources */ = {isa = PBXBuildFile; fileRef = 046ACADF7DDF5DD6D6E4F7DD /* WatchConnectivitySender.swift */; };
		7CA1B023B5CB38D25CC8C942 /* PlusJakartaSans-Bold.ttf in Resources */ = {isa = PBXBuildFile; fileRef = 7C26AD6E409B6E9DC541D1EC /* PlusJakartaSans-Bold.ttf */; };
		804E3B0744B2FFA6F7D63C93 /* ReminderListView.swift in Sources */ = {isa = PBXBuildFile; fileRef = 92E29E1FE9B88C15260E348F /* ReminderListView.swift */; };
		80DF9B1E6D3B7481C296E6D2 /* PlusJakartaSans-Regular.ttf in Resources */ = {isa = PBXBuildFile; fileRef = 771C1F95394389471DEEEDFD /* PlusJakartaSans-Regular.ttf */; };
		819BFBFEDE556903A09401C4 /* EmptyRemindersView.swift in Sources */ = {isa = PBXBuildFile; fileRef = 3F3F10AF06A234B8B995372A /* EmptyRemindersView.swift */; };
		8408C38ED1DBEDDFB1944904 /* LoveLanguage.swift in Sources */ = {isa = PBXBuildFile; fileRef = FF58AA7D81DFDBBF4E3D941F /* LoveLanguage.swift */; };
		8B701D9D6AD8A4BAC0672DD5 /* PairingSuccessView.swift in Sources */ = {isa = PBXBuildFile; fileRef = 95073072E3E305CBDEAA7500 /* PairingSuccessView.swift */; };
		8F9419F2A37A33E9C4960DD2 /* DailyQuestionDTO.swift in Sources */ = {isa = PBXBuildFile; fileRef = 50E8F1F976E924BD6B235514 /* DailyQuestionDTO.swift */; };
		919EB3DE7409BA035B414E2A /* PurchasesService.swift in Sources */ = {isa = PBXBuildFile; fileRef = 6C5718ADF6D126CFA618BD62 /* PurchasesService.swift */; };
		92CDAEDF1F9D98BDD8F2628F /* WidgetSnapshot.swift in Sources */ = {isa = PBXBuildFile; fileRef = CCC41155EF6A2E9443D8990A /* WidgetSnapshot.swift */; };
		992C2457DC8B5C6B9EFE5FAE /* NotificationScheduler.swift in Sources */ = {isa = PBXBuildFile; fileRef = 16A3D4EC5485B89310FB3815 /* NotificationScheduler.swift */; };
		9A2F69C5EDACC56A8920B26F /* SupabaseConfig.swift in Sources */ = {isa = PBXBuildFile; fileRef = 939CEC163F261084A4635A51 /* SupabaseConfig.swift */; };
		A199C4FBC971AD75056946D8 /* BondColors.swift in Sources */ = {isa = PBXBuildFile; fileRef = 90F93FCB23F083FC2424750E /* BondColors.swift */; };
		A1A3E41F08D94F63493F5F39 /* LoveLanguage.swift in Sources */ = {isa = PBXBuildFile; fileRef = FF58AA7D81DFDBBF4E3D941F /* LoveLanguage.swift */; };
		A3189215EDEC433363CC12F0 /* ReminderTriggerTests.swift in Sources */ = {isa = PBXBuildFile; fileRef = E43E1C2A7786CBB1E69F0C90 /* ReminderTriggerTests.swift */; };
		AE772874A114CC2B5E4C2739 /* AppGroup.swift in Sources */ = {isa = PBXBuildFile; fileRef = 5E49B51523219D78344AB9A8 /* AppGroup.swift */; };
		AED61940397E14521591E73C /* ReminderTemplate.swift in Sources */ = {isa = PBXBuildFile; fileRef = 301EDB6E9D1A234A90519B12 /* ReminderTemplate.swift */; };
		B25775643F9198940939DD61 /* LoveLanguageAnalyzer.swift in Sources */ = {isa = PBXBuildFile; fileRef = EFC67BE3E182EB254453908B /* LoveLanguageAnalyzer.swift */; };
		B3D00EBEBA252A6F97537B64 /* MilestoneEditorView.swift in Sources */ = {isa = PBXBuildFile; fileRef = E78C2218E473C3871EE0D2C0 /* MilestoneEditorView.swift */; };
		B41BE25B58B6E887BA3B7C52 /* RecurrencePresetTests.swift in Sources */ = {isa = PBXBuildFile; fileRef = EB62C0231491EE4F65A95A2C /* RecurrencePresetTests.swift */; };
		B42C73BC3E1E71858F9531DE /* WatchPayload.swift in Sources */ = {isa = PBXBuildFile; fileRef = CD85E0386762BF4BEEBA39E7 /* WatchPayload.swift */; };
		B4BBB555EDB39A162C36CA54 /* ReminderTemplate.swift in Sources */ = {isa = PBXBuildFile; fileRef = 301EDB6E9D1A234A90519B12 /* ReminderTemplate.swift */; };
		B65D13BAD4CEC94C5AF31EB6 /* ReviewPromptSheet.swift in Sources */ = {isa = PBXBuildFile; fileRef = 0F0920FA522D143B8C679CC2 /* ReviewPromptSheet.swift */; };
		B8A4BD8347DD2D9141E150D0 /* ReminderEventDTO.swift in Sources */ = {isa = PBXBuildFile; fileRef = 18775E994B22E961A54F8E3D /* ReminderEventDTO.swift */; };
		BC6A2BB0AAC48DDE56E8BEE6 /* BondWatchApp.swift in Sources */ = {isa = PBXBuildFile; fileRef = F49157A02B5BD4DD60E4D6A9 /* BondWatchApp.swift */; };
		BC994AD8DBC607F4A4E7A579 /* AppStoreReviewLinks.swift in Sources */ = {isa = PBXBuildFile; fileRef = 957E650367A6CEF403C68524 /* AppStoreReviewLinks.swift */; };
		BD9D1E3117B1A08C546A7445 /* ReminderTemplatesView.swift in Sources */ = {isa = PBXBuildFile; fileRef = F7C6EB1679352861557F61EC /* ReminderTemplatesView.swift */; };
		C22CC43865B9C68017FCEBF3 /* ReminderEditorModels.swift in Sources */ = {isa = PBXBuildFile; fileRef = F867C11913BB4FCF5D3D5E9F /* ReminderEditorModels.swift */; };
		C24FB3A9399D5252A92423B6 /* BondStyle.swift in Sources */ = {isa = PBXBuildFile; fileRef = F3CF1BD69FCFE09D7F366EB8 /* BondStyle.swift */; };
		C7C6BF0E9FFB89D1127E90DD /* SupabaseService.swift in Sources */ = {isa = PBXBuildFile; fileRef = 12B0502E3CD2A5CE2602DE00 /* SupabaseService.swift */; };
		C85B4C6B1B7AC5597C83FA4C /* AppleSignInHelper.swift in Sources */ = {isa = PBXBuildFile; fileRef = 8FD98197BFD6CA378B6E5EE2 /* AppleSignInHelper.swift */; };
		C936D494989E30796DF97085 /* RecurrencePreset.swift in Sources */ = {isa = PBXBuildFile; fileRef = 34C0EC429765DBD636FD8D72 /* RecurrencePreset.swift */; };
		C9F8FE48A9984D8BD8BE07D0 /* ReminderEventDTO.swift in Sources */ = {isa = PBXBuildFile; fileRef = 18775E994B22E961A54F8E3D /* ReminderEventDTO.swift */; };
		CA1994BE538E18DE8180A6AA /* SettingsView.swift in Sources */ = {isa = PBXBuildFile; fileRef = 33311829D0E004F79AB37ABF /* SettingsView.swift */; };
		CBA5BD9A31D30EE2E8D1443A /* ReviewPromptTracker.swift in Sources */ = {isa = PBXBuildFile; fileRef = 951DA5990DC91CBAFC87A939 /* ReviewPromptTracker.swift */; };
		CF93F136AAA77D09B5932D29 /* RevenueCat in Frameworks */ = {isa = PBXBuildFile; productRef = 7644CAA47A3A1207F2301EE4 /* RevenueCat */; };
		D1A8B63123A3279F9975FD5E /* PaywallPackage+Bond.swift in Sources */ = {isa = PBXBuildFile; fileRef = E12E04DA5135FA8A582014C4 /* PaywallPackage+Bond.swift */; };
		D44DC594E39222BF724D26D6 /* WatchConnectivityBridge.swift in Sources */ = {isa = PBXBuildFile; fileRef = 4A157DD27E1A47C5DB812074 /* WatchConnectivityBridge.swift */; };
		D6F1179E8055F1C971A04654 /* RecurrencePreset.swift in Sources */ = {isa = PBXBuildFile; fileRef = 34C0EC429765DBD636FD8D72 /* RecurrencePreset.swift */; };
		D901243B3926F226062C57E2 /* StatsView.swift in Sources */ = {isa = PBXBuildFile; fileRef = E532B78A2FDF72771E0852A0 /* StatsView.swift */; };
		E1B0AFF57064F67A389FA982 /* BondApp.swift in Sources */ = {isa = PBXBuildFile; fileRef = 2C93F203FD44AA24FC52C1EF /* BondApp.swift */; };
		E1C0EFE1D84ADEFDBA829B35 /* DailyQuestionDTO.swift in Sources */ = {isa = PBXBuildFile; fileRef = 50E8F1F976E924BD6B235514 /* DailyQuestionDTO.swift */; };
		E307A29AE38CBC7DE32C8BE6 /* MilestoneDTO.swift in Sources */ = {isa = PBXBuildFile; fileRef = 3A9691537350F5E42C03E679 /* MilestoneDTO.swift */; };
		E5743F3B95401D7F92110EAB /* LocationService.swift in Sources */ = {isa = PBXBuildFile; fileRef = 2EEC67EF3AE529FDFBF5C96C /* LocationService.swift */; };
		E64001C36B76C820F34B572A /* AppStoreReviewLinks.swift in Sources */ = {isa = PBXBuildFile; fileRef = 957E650367A6CEF403C68524 /* AppStoreReviewLinks.swift */; };
		E979CADB843AA4BC1E0799A8 /* WidgetSnapshot.swift in Sources */ = {isa = PBXBuildFile; fileRef = CCC41155EF6A2E9443D8990A /* WidgetSnapshot.swift */; };
		EB9512343521D9C53C7DA522 /* MilestonesService.swift in Sources */ = {isa = PBXBuildFile; fileRef = 113F2620C6CB170BE5DFAC2C /* MilestonesService.swift */; };
		EF70E5BED32B37B8E03B5BBF /* WatchPayload.swift in Sources */ = {isa = PBXBuildFile; fileRef = CD85E0386762BF4BEEBA39E7 /* WatchPayload.swift */; };
		F2D531BF71A180F993CD06A7 /* WidgetSnapshot.swift in Sources */ = {isa = PBXBuildFile; fileRef = CCC41155EF6A2E9443D8990A /* WidgetSnapshot.swift */; };
		F5CBECF630BB9C0454F80650 /* Assets.xcassets in Resources */ = {isa = PBXBuildFile; fileRef = 4749EF61AE27675A3976D9E8 /* Assets.xcassets */; };
		F6941DD7FCB6341653A886E4 /* WatchPayload.swift in Sources */ = {isa = PBXBuildFile; fileRef = CD85E0386762BF4BEEBA39E7 /* WatchPayload.swift */; };
		F8591164C8A77D09DECE3911 /* ReminderTrigger.swift in Sources */ = {isa = PBXBuildFile; fileRef = 94FA6F604A0AE177F1E53E19 /* ReminderTrigger.swift */; };
		FCFAA941E3436D74E1900EAD /* BondFont.swift in Sources */ = {isa = PBXBuildFile; fileRef = 62326B48B5A6EA52CDB9A1E5 /* BondFont.swift */; };
		FD11FDB9F1B6727650955C04 /* MilestoneDTO.swift in Sources */ = {isa = PBXBuildFile; fileRef = 3A9691537350F5E42C03E679 /* MilestoneDTO.swift */; };
		FD652D967BE346A7833D4461 /* ReminderDTO.swift in Sources */ = {isa = PBXBuildFile; fileRef = 585D1A7C6799459199130E5B /* ReminderDTO.swift */; };
		FE1B9776FA4A29DDCFC59E82 /* PairingService.swift in Sources */ = {isa = PBXBuildFile; fileRef = 167CA752300A93B733B1F99B /* PairingService.swift */; };
		FE65922E9F09AD4B439AC6F1 /* MilestoneDTOTests.swift in Sources */ = {isa = PBXBuildFile; fileRef = 8E7D69CC27F9E108A7CA1580 /* MilestoneDTOTests.swift */; };
/* End PBXBuildFile section */

/* Begin PBXContainerItemProxy section */
		56BC0229A3B69F89FFDF22B9 /* PBXContainerItemProxy */ = {
			isa = PBXContainerItemProxy;
			containerPortal = EEC45BA88290345E9A4B1004 /* Project object */;
			proxyType = 1;
			remoteGlobalIDString = 71BA1EE73B231085ADD03089;
			remoteInfo = BondWatch;
		};
		75C1C2245A5A7C5B83ECD3F7 /* PBXContainerItemProxy */ = {
			isa = PBXContainerItemProxy;
			containerPortal = EEC45BA88290345E9A4B1004 /* Project object */;
			proxyType = 1;
			remoteGlobalIDString = DA1B9B252D28DF4638EB38AB;
			remoteInfo = BondWidgets;
		};
		FD5ED7D9F8038F72821F2694 /* PBXContainerItemProxy */ = {
			isa = PBXContainerItemProxy;
			containerPortal = EEC45BA88290345E9A4B1004 /* Project object */;
			proxyType = 1;
			remoteGlobalIDString = 50522AFA470C7496132750D0;
			remoteInfo = Bond;
		};
/* End PBXContainerItemProxy section */

/* Begin PBXCopyFilesBuildPhase section */
		27935014A4EC856544C965B8 /* Embed Foundation Extensions */ = {
			isa = PBXCopyFilesBuildPhase;
			buildActionMask = 2147483647;
			dstPath = "";
			dstSubfolderSpec = 13;
			files = (
				346E3CA160F86EC6A841A71D /* BondWidgets.appex in Embed Foundation Extensions */,
			);
			name = "Embed Foundation Extensions";
			runOnlyForDeploymentPostprocessing = 0;
		};
		8528664331D085C875F34670 /* Embed Watch Content */ = {
			isa = PBXCopyFilesBuildPhase;
			buildActionMask = 2147483647;
			dstPath = "$(CONTENTS_FOLDER_PATH)/Watch";
			dstSubfolderSpec = 16;
			files = (
				71AEF9419BAA21E69F7A012F /* BondWatch.app in Embed Watch Content */,
			);
			name = "Embed Watch Content";
			runOnlyForDeploymentPostprocessing = 0;
		};
/* End PBXCopyFilesBuildPhase section */

/* Begin PBXFileReference section */
		046ACADF7DDF5DD6D6E4F7DD /* WatchConnectivitySender.swift */ = {isa = PBXFileReference; lastKnownFileType = sourcecode.swift; path = WatchConnectivitySender.swift; sourceTree = "<group>"; };
		05B10D58B2719BBE3B32C681 /* BondTests.xctest */ = {isa = PBXFileReference; includeInIndex = 0; lastKnownFileType = wrapper.cfbundle; path = BondTests.xctest; sourceTree = BUILT_PRODUCTS_DIR; };
		0F0920FA522D143B8C679CC2 /* ReviewPromptSheet.swift */ = {isa = PBXFileReference; lastKnownFileType = sourcecode.swift; path = ReviewPromptSheet.swift; sourceTree = "<group>"; };
		113F2620C6CB170BE5DFAC2C /* MilestonesService.swift */ = {isa = PBXFileReference; lastKnownFileType = sourcecode.swift; path = MilestonesService.swift; sourceTree = "<group>"; };
		12B0502E3CD2A5CE2602DE00 /* SupabaseService.swift */ = {isa = PBXFileReference; lastKnownFileType = sourcecode.swift; path = SupabaseService.swift; sourceTree = "<group>"; };
		167CA752300A93B733B1F99B /* PairingService.swift */ = {isa = PBXFileReference; lastKnownFileType = sourcecode.swift; path = PairingService.swift; sourceTree = "<group>"; };
		16A3D4EC5485B89310FB3815 /* NotificationScheduler.swift */ = {isa = PBXFileReference; lastKnownFileType = sourcecode.swift; path = NotificationScheduler.swift; sourceTree = "<group>"; };
		18775E994B22E961A54F8E3D /* ReminderEventDTO.swift */ = {isa = PBXFileReference; lastKnownFileType = sourcecode.swift; path = ReminderEventDTO.swift; sourceTree = "<group>"; };
		1BF6AA28F3907997D62C23E1 /* DictateView.swift */ = {isa = PBXFileReference; lastKnownFileType = sourcecode.swift; path = DictateView.swift; sourceTree = "<group>"; };
		278C29A0A919288DF213F74A /* Info.plist */ = {isa = PBXFileReference; lastKnownFileType = text.plist; path = Info.plist; sourceTree = "<group>"; };
		27C794277EBC08A83545480C /* BondWatch.entitlements */ = {isa = PBXFileReference; lastKnownFileType = text.plist.entitlements; path = BondWatch.entitlements; sourceTree = "<group>"; };
		2C93F203FD44AA24FC52C1EF /* BondApp.swift */ = {isa = PBXFileReference; lastKnownFileType = sourcecode.swift; path = BondApp.swift; sourceTree = "<group>"; };
		2D2331EDA51A63F2314DDB32 /* BondWidgets.appex */ = {isa = PBXFileReference; includeInIndex = 0; lastKnownFileType = "wrapper.app-extension"; path = BondWidgets.appex; sourceTree = BUILT_PRODUCTS_DIR; };
		2EEC67EF3AE529FDFBF5C96C /* LocationService.swift */ = {isa = PBXFileReference; lastKnownFileType = sourcecode.swift; path = LocationService.swift; sourceTree = "<group>"; };
		301EDB6E9D1A234A90519B12 /* ReminderTemplate.swift */ = {isa = PBXFileReference; lastKnownFileType = sourcecode.swift; path = ReminderTemplate.swift; sourceTree = "<group>"; };
		33311829D0E004F79AB37ABF /* SettingsView.swift */ = {isa = PBXFileReference; lastKnownFileType = sourcecode.swift; path = SettingsView.swift; sourceTree = "<group>"; };
		340A2D4CAC587ED2F0F83D5F /* BondComponents.swift */ = {isa = PBXFileReference; lastKnownFileType = sourcecode.swift; path = BondComponents.swift; sourceTree = "<group>"; };
		34C0EC429765DBD636FD8D72 /* RecurrencePreset.swift */ = {isa = PBXFileReference; lastKnownFileType = sourcecode.swift; path = RecurrencePreset.swift; sourceTree = "<group>"; };
		34ECA85DC3BD65F3E274DEAA /* GateSampleContent.swift */ = {isa = PBXFileReference; lastKnownFileType = sourcecode.swift; path = GateSampleContent.swift; sourceTree = "<group>"; };
		381B819C3EFFEEF1F7BCF87A /* Bond.app */ = {isa = PBXFileReference; includeInIndex = 0; lastKnownFileType = wrapper.application; path = Bond.app; sourceTree = BUILT_PRODUCTS_DIR; };
		3A9691537350F5E42C03E679 /* MilestoneDTO.swift */ = {isa = PBXFileReference; lastKnownFileType = sourcecode.swift; path = MilestoneDTO.swift; sourceTree = "<group>"; };
		3F2E4B1106B687E94A91D464 /* PremiumGate.swift */ = {isa = PBXFileReference; lastKnownFileType = sourcecode.swift; path = PremiumGate.swift; sourceTree = "<group>"; };
		3F3F10AF06A234B8B995372A /* EmptyRemindersView.swift */ = {isa = PBXFileReference; lastKnownFileType = sourcecode.swift; path = EmptyRemindersView.swift; sourceTree = "<group>"; };
		431E38A9565DAF005868FFB8 /* ReminderDTOTests.swift */ = {isa = PBXFileReference; lastKnownFileType = sourcecode.swift; path = ReminderDTOTests.swift; sourceTree = "<group>"; };
		4749EF61AE27675A3976D9E8 /* Assets.xcassets */ = {isa = PBXFileReference; lastKnownFileType = folder.assetcatalog; path = Assets.xcassets; sourceTree = "<group>"; };
		4A157DD27E1A47C5DB812074 /* WatchConnectivityBridge.swift */ = {isa = PBXFileReference; lastKnownFileType = sourcecode.swift; path = WatchConnectivityBridge.swift; sourceTree = "<group>"; };
		4A6CFD466E5A10EC3632F8A8 /* DailyCheckInService.swift */ = {isa = PBXFileReference; lastKnownFileType = sourcecode.swift; path = DailyCheckInService.swift; sourceTree = "<group>"; };
		4E1C46FF806BE5F4CFA6483B /* ReminderEditorView.swift */ = {isa = PBXFileReference; lastKnownFileType = sourcecode.swift; path = ReminderEditorView.swift; sourceTree = "<group>"; };
		4E44B9DF2E598986B1F41F82 /* LoveLanguageTests.swift */ = {isa = PBXFileReference; lastKnownFileType = sourcecode.swift; path = LoveLanguageTests.swift; sourceTree = "<group>"; };
		50E8F1F976E924BD6B235514 /* DailyQuestionDTO.swift */ = {isa = PBXFileReference; lastKnownFileType = sourcecode.swift; path = DailyQuestionDTO.swift; sourceTree = "<group>"; };
		51A5DD4BA2316889F39CDD24 /* ProfileDTOTests.swift */ = {isa = PBXFileReference; lastKnownFileType = sourcecode.swift; path = ProfileDTOTests.swift; sourceTree = "<group>"; };
		5217F5221EB5EF78C46FC982 /* PlusJakartaSans-SemiBold.ttf */ = {isa = PBXFileReference; lastKnownFileType = file; path = "PlusJakartaSans-SemiBold.ttf"; sourceTree = "<group>"; };
		52F3922F7B12FD86A8B22121 /* NotificationRouter.swift */ = {isa = PBXFileReference; lastKnownFileType = sourcecode.swift; path = NotificationRouter.swift; sourceTree = "<group>"; };
		541C4F85BC1812B1C61978AD /* ReminderRow.swift */ = {isa = PBXFileReference; lastKnownFileType = sourcecode.swift; path = ReminderRow.swift; sourceTree = "<group>"; };
		585D1A7C6799459199130E5B /* ReminderDTO.swift */ = {isa = PBXFileReference; lastKnownFileType = sourcecode.swift; path = ReminderDTO.swift; sourceTree = "<group>"; };
		5E49B51523219D78344AB9A8 /* AppGroup.swift */ = {isa = PBXFileReference; lastKnownFileType = sourcecode.swift; path = AppGroup.swift; sourceTree = "<group>"; };
		614F6A4AF63E9073387D83DA /* CoupleDTO.swift */ = {isa = PBXFileReference; lastKnownFileType = sourcecode.swift; path = CoupleDTO.swift; sourceTree = "<group>"; };
		62326B48B5A6EA52CDB9A1E5 /* BondFont.swift */ = {isa = PBXFileReference; lastKnownFileType = sourcecode.swift; path = BondFont.swift; sourceTree = "<group>"; };
		675148F7F28D41E44B500502 /* Bond.entitlements */ = {isa = PBXFileReference; lastKnownFileType = text.plist.entitlements; path = Bond.entitlements; sourceTree = "<group>"; };
		6817074B516199A1A5B909F4 /* NotificationPrimerSheet.swift */ = {isa = PBXFileReference; lastKnownFileType = sourcecode.swift; path = NotificationPrimerSheet.swift; sourceTree = "<group>"; };
		69CE561912A0D197FC73DEF0 /* BondTheme.swift */ = {isa = PBXFileReference; lastKnownFileType = sourcecode.swift; path = BondTheme.swift; sourceTree = "<group>"; };
		6C5718ADF6D126CFA618BD62 /* PurchasesService.swift */ = {isa = PBXFileReference; lastKnownFileType = sourcecode.swift; path = PurchasesService.swift; sourceTree = "<group>"; };
		72C9DDB7D721FC614C52CF6E /* MilestonesView.swift */ = {isa = PBXFileReference; lastKnownFileType = sourcecode.swift; path = MilestonesView.swift; sourceTree = "<group>"; };
		72CA6E5DB9BE3E5FBF29230D /* DailyCheckInView.swift */ = {isa = PBXFileReference; lastKnownFileType = sourcecode.swift; path = DailyCheckInView.swift; sourceTree = "<group>"; };
		75B9135257B219360C5756D1 /* Info.plist */ = {isa = PBXFileReference; lastKnownFileType = text.plist; path = Info.plist; sourceTree = "<group>"; };
		771C1F95394389471DEEEDFD /* PlusJakartaSans-Regular.ttf */ = {isa = PBXFileReference; lastKnownFileType = file; path = "PlusJakartaSans-Regular.ttf"; sourceTree = "<group>"; };
		7C26AD6E409B6E9DC541D1EC /* PlusJakartaSans-Bold.ttf */ = {isa = PBXFileReference; lastKnownFileType = file; path = "PlusJakartaSans-Bold.ttf"; sourceTree = "<group>"; };
		7D57F25AA26A85B46F6A8446 /* ReminderRepository.swift */ = {isa = PBXFileReference; lastKnownFileType = sourcecode.swift; path = ReminderRepository.swift; sourceTree = "<group>"; };
		8BC77A8D75651643D578208A /* PaywallModifier.swift */ = {isa = PBXFileReference; lastKnownFileType = sourcecode.swift; path = PaywallModifier.swift; sourceTree = "<group>"; };
		8E7D69CC27F9E108A7CA1580 /* MilestoneDTOTests.swift */ = {isa = PBXFileReference; lastKnownFileType = sourcecode.swift; path = MilestoneDTOTests.swift; sourceTree = "<group>"; };
		8FD98197BFD6CA378B6E5EE2 /* AppleSignInHelper.swift */ = {isa = PBXFileReference; lastKnownFileType = sourcecode.swift; path = AppleSignInHelper.swift; sourceTree = "<group>"; };
		902B35CB888AF0397097702E /* BondWatch.app */ = {isa = PBXFileReference; explicitFileType = wrapper.application; includeInIndex = 0; path = BondWatch.app; sourceTree = BUILT_PRODUCTS_DIR; };
		90F93FCB23F083FC2424750E /* BondColors.swift */ = {isa = PBXFileReference; lastKnownFileType = sourcecode.swift; path = BondColors.swift; sourceTree = "<group>"; };
		922EDFFF7306B8D113F47F36 /* BondWidgets.entitlements */ = {isa = PBXFileReference; lastKnownFileType = text.plist.entitlements; path = BondWidgets.entitlements; sourceTree = "<group>"; };
		92E29E1FE9B88C15260E348F /* ReminderListView.swift */ = {isa = PBXFileReference; lastKnownFileType = sourcecode.swift; path = ReminderListView.swift; sourceTree = "<group>"; };
		939CEC163F261084A4635A51 /* SupabaseConfig.swift */ = {isa = PBXFileReference; lastKnownFileType = sourcecode.swift; path = SupabaseConfig.swift; sourceTree = "<group>"; };
		94FA6F604A0AE177F1E53E19 /* ReminderTrigger.swift */ = {isa = PBXFileReference; lastKnownFileType = sourcecode.swift; path = ReminderTrigger.swift; sourceTree = "<group>"; };
		95073072E3E305CBDEAA7500 /* PairingSuccessView.swift */ = {isa = PBXFileReference; lastKnownFileType = sourcecode.swift; path = PairingSuccessView.swift; sourceTree = "<group>"; };
		951DA5990DC91CBAFC87A939 /* ReviewPromptTracker.swift */ = {isa = PBXFileReference; lastKnownFileType = sourcecode.swift; path = ReviewPromptTracker.swift; sourceTree = "<group>"; };
		957E650367A6CEF403C68524 /* AppStoreReviewLinks.swift */ = {isa = PBXFileReference; lastKnownFileType = sourcecode.swift; path = AppStoreReviewLinks.swift; sourceTree = "<group>"; };
		9AA7F8207838DB6359ECF024 /* CoupleDTOTests.swift */ = {isa = PBXFileReference; lastKnownFileType = sourcecode.swift; path = CoupleDTOTests.swift; sourceTree = "<group>"; };
		A42CD9882E06FC36B7BAC844 /* Assets.xcassets */ = {isa = PBXFileReference; lastKnownFileType = folder.assetcatalog; path = Assets.xcassets; sourceTree = "<group>"; };
		AF2AA00C4EEE3F3D6C38CCB0 /* PlusJakartaSans-Medium.ttf */ = {isa = PBXFileReference; lastKnownFileType = file; path = "PlusJakartaSans-Medium.ttf"; sourceTree = "<group>"; };
		B4651927088C4AF8826E38EE /* PairingView.swift */ = {isa = PBXFileReference; lastKnownFileType = sourcecode.swift; path = PairingView.swift; sourceTree = "<group>"; };
		B67A2D6BC9AC30CDB4726850 /* BondWidgetsBundle.swift */ = {isa = PBXFileReference; lastKnownFileType = sourcecode.swift; path = BondWidgetsBundle.swift; sourceTree = "<group>"; };
		C76495F38E8EC32C13087CAC /* ProfileDTO.swift */ = {isa = PBXFileReference; lastKnownFileType = sourcecode.swift; path = ProfileDTO.swift; sourceTree = "<group>"; };
		C8A50E874ABC84170E0D26E6 /* ReminderEventRepository.swift */ = {isa = PBXFileReference; lastKnownFileType = sourcecode.swift; path = ReminderEventRepository.swift; sourceTree = "<group>"; };
		CCC41155EF6A2E9443D8990A /* WidgetSnapshot.swift */ = {isa = PBXFileReference; lastKnownFileType = sourcecode.swift; path = WidgetSnapshot.swift; sourceTree = "<group>"; };
		CD85E0386762BF4BEEBA39E7 /* WatchPayload.swift */ = {isa = PBXFileReference; lastKnownFileType = sourcecode.swift; path = WatchPayload.swift; sourceTree = "<group>"; };
		CE93E308C0FE103E72C1E816 /* IntentSetupView.swift */ = {isa = PBXFileReference; lastKnownFileType = sourcecode.swift; path = IntentSetupView.swift; sourceTree = "<group>"; };
		D805023C4E04450F773363ED /* PaywallView.swift */ = {isa = PBXFileReference; lastKnownFileType = sourcecode.swift; path = PaywallView.swift; sourceTree = "<group>"; };
		D85CCE368AE1BB6440274221 /* ReminderEditorModelsTests.swift */ = {isa = PBXFileReference; lastKnownFileType = sourcecode.swift; path = ReminderEditorModelsTests.swift; sourceTree = "<group>"; };
		E12E04DA5135FA8A582014C4 /* PaywallPackage+Bond.swift */ = {isa = PBXFileReference; lastKnownFileType = sourcecode.swift; path = "PaywallPackage+Bond.swift"; sourceTree = "<group>"; };
		E43E1C2A7786CBB1E69F0C90 /* ReminderTriggerTests.swift */ = {isa = PBXFileReference; lastKnownFileType = sourcecode.swift; path = ReminderTriggerTests.swift; sourceTree = "<group>"; };
		E532B78A2FDF72771E0852A0 /* StatsView.swift */ = {isa = PBXFileReference; lastKnownFileType = sourcecode.swift; path = StatsView.swift; sourceTree = "<group>"; };
		E78C2218E473C3871EE0D2C0 /* MilestoneEditorView.swift */ = {isa = PBXFileReference; lastKnownFileType = sourcecode.swift; path = MilestoneEditorView.swift; sourceTree = "<group>"; };
		EB62C0231491EE4F65A95A2C /* RecurrencePresetTests.swift */ = {isa = PBXFileReference; lastKnownFileType = sourcecode.swift; path = RecurrencePresetTests.swift; sourceTree = "<group>"; };
		EEC2380E22745DECC51B7942 /* Info.plist */ = {isa = PBXFileReference; lastKnownFileType = text.plist; path = Info.plist; sourceTree = "<group>"; };
		EFC67BE3E182EB254453908B /* LoveLanguageAnalyzer.swift */ = {isa = PBXFileReference; lastKnownFileType = sourcecode.swift; path = LoveLanguageAnalyzer.swift; sourceTree = "<group>"; };
		F3CF1BD69FCFE09D7F366EB8 /* BondStyle.swift */ = {isa = PBXFileReference; lastKnownFileType = sourcecode.swift; path = BondStyle.swift; sourceTree = "<group>"; };
		F49157A02B5BD4DD60E4D6A9 /* BondWatchApp.swift */ = {isa = PBXFileReference; lastKnownFileType = sourcecode.swift; path = BondWatchApp.swift; sourceTree = "<group>"; };
		F7C6EB1679352861557F61EC /* ReminderTemplatesView.swift */ = {isa = PBXFileReference; lastKnownFileType = sourcecode.swift; path = ReminderTemplatesView.swift; sourceTree = "<group>"; };
		F867C11913BB4FCF5D3D5E9F /* ReminderEditorModels.swift */ = {isa = PBXFileReference; lastKnownFileType = sourcecode.swift; path = ReminderEditorModels.swift; sourceTree = "<group>"; };
		F90568721DDE1134D8589429 /* WidgetSnapshotPump.swift */ = {isa = PBXFileReference; lastKnownFileType = sourcecode.swift; path = WidgetSnapshotPump.swift; sourceTree = "<group>"; };
		FF58AA7D81DFDBBF4E3D941F /* LoveLanguage.swift */ = {isa = PBXFileReference; lastKnownFileType = sourcecode.swift; path = LoveLanguage.swift; sourceTree = "<group>"; };
/* End PBXFileReference section */

/* Begin PBXFrameworksBuildPhase section */
		1A1BA4F7D15EFE143B933623 /* Frameworks */ = {
			isa = PBXFrameworksBuildPhase;
			buildActionMask = 2147483647;
			files = (
				5E95FA191A93BEB0EA23D220 /* Supabase in Frameworks */,
			);
			runOnlyForDeploymentPostprocessing = 0;
		};
		2656B31032035CA270E01DA4 /* Frameworks */ = {
			isa = PBXFrameworksBuildPhase;
			buildActionMask = 2147483647;
			files = (
				15F323D3A66EDD111C27312C /* Supabase in Frameworks */,
				CF93F136AAA77D09B5932D29 /* RevenueCat in Frameworks */,
			);
			runOnlyForDeploymentPostprocessing = 0;
		};
/* End PBXFrameworksBuildPhase section */

/* Begin PBXGroup section */
		0409B24F53BAB15E34888D9D /* BondWatch */ = {
			isa = PBXGroup;
			children = (
				A42CD9882E06FC36B7BAC844 /* Assets.xcassets */,
				27C794277EBC08A83545480C /* BondWatch.entitlements */,
				F49157A02B5BD4DD60E4D6A9 /* BondWatchApp.swift */,
				1BF6AA28F3907997D62C23E1 /* DictateView.swift */,
				75B9135257B219360C5756D1 /* Info.plist */,
				046ACADF7DDF5DD6D6E4F7DD /* WatchConnectivitySender.swift */,
			);
			path = BondWatch;
			sourceTree = "<group>";
		};
		0CAC98D4759D65A96676DDE9 /* Onboarding */ = {
			isa = PBXGroup;
			children = (
				CE93E308C0FE103E72C1E816 /* IntentSetupView.swift */,
				6817074B516199A1A5B909F4 /* NotificationPrimerSheet.swift */,
			);
			path = Onboarding;
			sourceTree = "<group>";
		};
		0FF0CE4A3C6E2C9AE28B6F95 /* Settings */ = {
			isa = PBXGroup;
			children = (
				33311829D0E004F79AB37ABF /* SettingsView.swift */,
			);
			path = Settings;
			sourceTree = "<group>";
		};
		181F3037FDDCB872B298C861 /* Services */ = {
			isa = PBXGroup;
			children = (
				8FD98197BFD6CA378B6E5EE2 /* AppleSignInHelper.swift */,
				4A6CFD466E5A10EC3632F8A8 /* DailyCheckInService.swift */,
				2EEC67EF3AE529FDFBF5C96C /* LocationService.swift */,
				EFC67BE3E182EB254453908B /* LoveLanguageAnalyzer.swift */,
				113F2620C6CB170BE5DFAC2C /* MilestonesService.swift */,
				52F3922F7B12FD86A8B22121 /* NotificationRouter.swift */,
				16A3D4EC5485B89310FB3815 /* NotificationScheduler.swift */,
				167CA752300A93B733B1F99B /* PairingService.swift */,
				6C5718ADF6D126CFA618BD62 /* PurchasesService.swift */,
				C8A50E874ABC84170E0D26E6 /* ReminderEventRepository.swift */,
				7D57F25AA26A85B46F6A8446 /* ReminderRepository.swift */,
				939CEC163F261084A4635A51 /* SupabaseConfig.swift */,
				12B0502E3CD2A5CE2602DE00 /* SupabaseService.swift */,
				4A157DD27E1A47C5DB812074 /* WatchConnectivityBridge.swift */,
				F90568721DDE1134D8589429 /* WidgetSnapshotPump.swift */,
			);
			path = Services;
			sourceTree = "<group>";
		};
		22E151673E904F86E5F85C0A /* Products */ = {
			isa = PBXGroup;
			children = (
				381B819C3EFFEEF1F7BCF87A /* Bond.app */,
				05B10D58B2719BBE3B32C681 /* BondTests.xctest */,
				902B35CB888AF0397097702E /* BondWatch.app */,
				2D2331EDA51A63F2314DDB32 /* BondWidgets.appex */,
			);
			name = Products;
			sourceTree = "<group>";
		};
		296869205C50BD7010B25052 /* CheckIn */ = {
			isa = PBXGroup;
			children = (
				72CA6E5DB9BE3E5FBF29230D /* DailyCheckInView.swift */,
			);
			path = CheckIn;
			sourceTree = "<group>";
		};
		2D57FDDB6360A6350DA05900 /* Bond */ = {
			isa = PBXGroup;
			children = (
				4749EF61AE27675A3976D9E8 /* Assets.xcassets */,
				675148F7F28D41E44B500502 /* Bond.entitlements */,
				2C93F203FD44AA24FC52C1EF /* BondApp.swift */,
				278C29A0A919288DF213F74A /* Info.plist */,
				45A2DFD291DA5FF97AC354EF /* Components */,
				AD0DB2B3ED0BDC054A131F93 /* DesignSystem */,
				DA1520EAE05057CE75397FDE /* Features */,
				5306491F0F32FCDA924F6777 /* Resources */,
				181F3037FDDCB872B298C861 /* Services */,
			);
			path = Bond;
			sourceTree = "<group>";
		};
		37BA39ED18C231C7A2BB9CF8 /* DTOs */ = {
			isa = PBXGroup;
			children = (
				614F6A4AF63E9073387D83DA /* CoupleDTO.swift */,
				C76495F38E8EC32C13087CAC /* ProfileDTO.swift */,
				585D1A7C6799459199130E5B /* ReminderDTO.swift */,
				18775E994B22E961A54F8E3D /* ReminderEventDTO.swift */,
			);
			path = DTOs;
			sourceTree = "<group>";
		};
		384DC4EA0BDAE77BFFB9EEC9 = {
			isa = PBXGroup;
			children = (
				2D57FDDB6360A6350DA05900 /* Bond */,
				9C22C2876ADF97712CEF4D61 /* BondTests */,
				0409B24F53BAB15E34888D9D /* BondWatch */,
				B897F2680C88444499C5EB72 /* BondWidgets */,
				BFCC780BB03A1C1637566A77 /* Shared */,
				22E151673E904F86E5F85C0A /* Products */,
			);
			sourceTree = "<group>";
		};
		446752AF7734854EBD41D4A8 /* Templates */ = {
			isa = PBXGroup;
			children = (
				F7C6EB1679352861557F61EC /* ReminderTemplatesView.swift */,
			);
			path = Templates;
			sourceTree = "<group>";
		};
		45A2DFD291DA5FF97AC354EF /* Components */ = {
			isa = PBXGroup;
			children = (
				8BC77A8D75651643D578208A /* PaywallModifier.swift */,
				541C4F85BC1812B1C61978AD /* ReminderRow.swift */,
			);
			path = Components;
			sourceTree = "<group>";
		};
		5306491F0F32FCDA924F6777 /* Resources */ = {
			isa = PBXGroup;
			children = (
				F7413F9E11067D1D5692703F /* Fonts */,
			);
			path = Resources;
			sourceTree = "<group>";
		};
		718E99AAE0CB74E56B210C8F /* ReminderList */ = {
			isa = PBXGroup;
			children = (
				3F3F10AF06A234B8B995372A /* EmptyRemindersView.swift */,
				92E29E1FE9B88C15260E348F /* ReminderListView.swift */,
			);
			path = ReminderList;
			sourceTree = "<group>";
		};
		92B39AF5C20C1E0A8581AF6F /* Services */ = {
			isa = PBXGroup;
			children = (
				951DA5990DC91CBAFC87A939 /* ReviewPromptTracker.swift */,
			);
			path = Services;
			sourceTree = "<group>";
		};
		968CCB8EDDF6E5B40A2212B2 /* Models */ = {
			isa = PBXGroup;
			children = (
				50E8F1F976E924BD6B235514 /* DailyQuestionDTO.swift */,
				FF58AA7D81DFDBBF4E3D941F /* LoveLanguage.swift */,
				3A9691537350F5E42C03E679 /* MilestoneDTO.swift */,
				34C0EC429765DBD636FD8D72 /* RecurrencePreset.swift */,
				F867C11913BB4FCF5D3D5E9F /* ReminderEditorModels.swift */,
				301EDB6E9D1A234A90519B12 /* ReminderTemplate.swift */,
				94FA6F604A0AE177F1E53E19 /* ReminderTrigger.swift */,
			);
			path = Models;
			sourceTree = "<group>";
		};
		9C22C2876ADF97712CEF4D61 /* BondTests */ = {
			isa = PBXGroup;
			children = (
				9AA7F8207838DB6359ECF024 /* CoupleDTOTests.swift */,
				4E44B9DF2E598986B1F41F82 /* LoveLanguageTests.swift */,
				8E7D69CC27F9E108A7CA1580 /* MilestoneDTOTests.swift */,
				51A5DD4BA2316889F39CDD24 /* ProfileDTOTests.swift */,
				EB62C0231491EE4F65A95A2C /* RecurrencePresetTests.swift */,
				431E38A9565DAF005868FFB8 /* ReminderDTOTests.swift */,
				D85CCE368AE1BB6440274221 /* ReminderEditorModelsTests.swift */,
				E43E1C2A7786CBB1E69F0C90 /* ReminderTriggerTests.swift */,
			);
			path = BondTests;
			sourceTree = "<group>";
		};
		9E074D2E52E6F995F29DBC7B /* Stats */ = {
			isa = PBXGroup;
			children = (
				E532B78A2FDF72771E0852A0 /* StatsView.swift */,
			);
			path = Stats;
			sourceTree = "<group>";
		};
		9EE6B4FEC25EF5FE4B587CEF /* Pairing */ = {
			isa = PBXGroup;
			children = (
				95073072E3E305CBDEAA7500 /* PairingSuccessView.swift */,
				B4651927088C4AF8826E38EE /* PairingView.swift */,
			);
			path = Pairing;
			sourceTree = "<group>";
		};
		A7C3BE35BC3AA10A5C6E7232 /* ReminderEditor */ = {
			isa = PBXGroup;
			children = (
				4E1C46FF806BE5F4CFA6483B /* ReminderEditorView.swift */,
			);
			path = ReminderEditor;
			sourceTree = "<group>";
		};
		AD0DB2B3ED0BDC054A131F93 /* DesignSystem */ = {
			isa = PBXGroup;
			children = (
				340A2D4CAC587ED2F0F83D5F /* BondComponents.swift */,
				62326B48B5A6EA52CDB9A1E5 /* BondFont.swift */,
				F3CF1BD69FCFE09D7F366EB8 /* BondStyle.swift */,
				69CE561912A0D197FC73DEF0 /* BondTheme.swift */,
				34ECA85DC3BD65F3E274DEAA /* GateSampleContent.swift */,
				3F2E4B1106B687E94A91D464 /* PremiumGate.swift */,
			);
			path = DesignSystem;
			sourceTree = "<group>";
		};
		B2014F66628444080F80E980 /* Review */ = {
			isa = PBXGroup;
			children = (
				0F0920FA522D143B8C679CC2 /* ReviewPromptSheet.swift */,
			);
			path = Review;
			sourceTree = "<group>";
		};
		B897F2680C88444499C5EB72 /* BondWidgets */ = {
			isa = PBXGroup;
			children = (
				922EDFFF7306B8D113F47F36 /* BondWidgets.entitlements */,
				B67A2D6BC9AC30CDB4726850 /* BondWidgetsBundle.swift */,
				EEC2380E22745DECC51B7942 /* Info.plist */,
			);
			path = BondWidgets;
			sourceTree = "<group>";
		};
		BFCC780BB03A1C1637566A77 /* Shared */ = {
			isa = PBXGroup;
			children = (
				37BA39ED18C231C7A2BB9CF8 /* DTOs */,
				968CCB8EDDF6E5B40A2212B2 /* Models */,
				92B39AF5C20C1E0A8581AF6F /* Services */,
				C1A9D47F8C742A61A14D3072 /* Utilities */,
			);
			path = Shared;
			sourceTree = "<group>";
		};
		C1A9D47F8C742A61A14D3072 /* Utilities */ = {
			isa = PBXGroup;
			children = (
				5E49B51523219D78344AB9A8 /* AppGroup.swift */,
				957E650367A6CEF403C68524 /* AppStoreReviewLinks.swift */,
				90F93FCB23F083FC2424750E /* BondColors.swift */,
				CD85E0386762BF4BEEBA39E7 /* WatchPayload.swift */,
				CCC41155EF6A2E9443D8990A /* WidgetSnapshot.swift */,
			);
			path = Utilities;
			sourceTree = "<group>";
		};
		C561270B6F58BA0276007B29 /* Paywall */ = {
			isa = PBXGroup;
			children = (
				E12E04DA5135FA8A582014C4 /* PaywallPackage+Bond.swift */,
				D805023C4E04450F773363ED /* PaywallView.swift */,
			);
			path = Paywall;
			sourceTree = "<group>";
		};
		DA1520EAE05057CE75397FDE /* Features */ = {
			isa = PBXGroup;
			children = (
				296869205C50BD7010B25052 /* CheckIn */,
				F9F79FA340ECCBE7B36F4917 /* Milestones */,
				0CAC98D4759D65A96676DDE9 /* Onboarding */,
				9EE6B4FEC25EF5FE4B587CEF /* Pairing */,
				C561270B6F58BA0276007B29 /* Paywall */,
				A7C3BE35BC3AA10A5C6E7232 /* ReminderEditor */,
				718E99AAE0CB74E56B210C8F /* ReminderList */,
				B2014F66628444080F80E980 /* Review */,
				0FF0CE4A3C6E2C9AE28B6F95 /* Settings */,
				9E074D2E52E6F995F29DBC7B /* Stats */,
				446752AF7734854EBD41D4A8 /* Templates */,
			);
			path = Features;
			sourceTree = "<group>";
		};
		F7413F9E11067D1D5692703F /* Fonts */ = {
			isa = PBXGroup;
			children = (
				7C26AD6E409B6E9DC541D1EC /* PlusJakartaSans-Bold.ttf */,
				AF2AA00C4EEE3F3D6C38CCB0 /* PlusJakartaSans-Medium.ttf */,
				771C1F95394389471DEEEDFD /* PlusJakartaSans-Regular.ttf */,
				5217F5221EB5EF78C46FC982 /* PlusJakartaSans-SemiBold.ttf */,
			);
			path = Fonts;
			sourceTree = "<group>";
		};
		F9F79FA340ECCBE7B36F4917 /* Milestones */ = {
			isa = PBXGroup;
			children = (
				E78C2218E473C3871EE0D2C0 /* MilestoneEditorView.swift */,
				72C9DDB7D721FC614C52CF6E /* MilestonesView.swift */,
			);
			path = Milestones;
			sourceTree = "<group>";
		};
/* End PBXGroup section */

/* Begin PBXNativeTarget section */
		50522AFA470C7496132750D0 /* Bond */ = {
			isa = PBXNativeTarget;
			buildConfigurationList = D5C6433B61A95D55AEF5600B /* Build configuration list for PBXNativeTarget "Bond" */;
			buildPhases = (
				CDC5BE84299338BB996CFCE6 /* Sources */,
				AD00B683DD1EA81869A2547E /* Resources */,
				2656B31032035CA270E01DA4 /* Frameworks */,
				27935014A4EC856544C965B8 /* Embed Foundation Extensions */,
				8528664331D085C875F34670 /* Embed Watch Content */,
			);
			buildRules = (
			);
			dependencies = (
				85B7FC293F32B0A89F87B427 /* PBXTargetDependency */,
				92FE73E1394721440FA3645C /* PBXTargetDependency */,
			);
			name = Bond;
			packageProductDependencies = (
				79DA0CE0B85E6A75ACD31F75 /* Supabase */,
				7644CAA47A3A1207F2301EE4 /* RevenueCat */,
			);
			productName = Bond;
			productReference = 381B819C3EFFEEF1F7BCF87A /* Bond.app */;
			productType = "com.apple.product-type.application";
		};
		677B96B4BF97C2CB7FECBBB4 /* BondTests */ = {
			isa = PBXNativeTarget;
			buildConfigurationList = 991E0CD718775AEA0B8AECC9 /* Build configuration list for PBXNativeTarget "BondTests" */;
			buildPhases = (
				2F5DBD42A0587DF838BD4361 /* Sources */,
			);
			buildRules = (
			);
			dependencies = (
				7795E77A27436F07B4A449E2 /* PBXTargetDependency */,
			);
			name = BondTests;
			packageProductDependencies = (
			);
			productName = BondTests;
			productReference = 05B10D58B2719BBE3B32C681 /* BondTests.xctest */;
			productType = "com.apple.product-type.bundle.unit-test";
		};
		71BA1EE73B231085ADD03089 /* BondWatch */ = {
			isa = PBXNativeTarget;
			buildConfigurationList = B7A422E75FF2C23220650953 /* Build configuration list for PBXNativeTarget "BondWatch" */;
			buildPhases = (
				F678E3827F61365C677DC09A /* Sources */,
				E95A8EFF7C61FAD905A5A181 /* Resources */,
				1A1BA4F7D15EFE143B933623 /* Frameworks */,
			);
			buildRules = (
			);
			dependencies = (
			);
			name = BondWatch;
			packageProductDependencies = (
				04DB1D81058B6E8FF4DBF480 /* Supabase */,
			);
			productName = BondWatch;
			productReference = 902B35CB888AF0397097702E /* BondWatch.app */;
			productType = "com.apple.product-type.application";
		};
		DA1B9B252D28DF4638EB38AB /* BondWidgets */ = {
			isa = PBXNativeTarget;
			buildConfigurationList = 74DE7FE610A7B7168A0373D4 /* Build configuration list for PBXNativeTarget "BondWidgets" */;
			buildPhases = (
				336ACDBF54E47908D80FCF99 /* Sources */,
			);
			buildRules = (
			);
			dependencies = (
			);
			name = BondWidgets;
			packageProductDependencies = (
			);
			productName = BondWidgets;
			productReference = 2D2331EDA51A63F2314DDB32 /* BondWidgets.appex */;
			productType = "com.apple.product-type.app-extension";
		};
/* End PBXNativeTarget section */

/* Begin PBXProject section */
		EEC45BA88290345E9A4B1004 /* Project object */ = {
			isa = PBXProject;
			attributes = {
				BuildIndependentTargetsInParallel = YES;
				LastUpgradeCheck = 1600;
				TargetAttributes = {
					50522AFA470C7496132750D0 = {
						DevelopmentTeam = YXG4MP6W39;
						ProvisioningStyle = Automatic;
					};
					677B96B4BF97C2CB7FECBBB4 = {
						DevelopmentTeam = YXG4MP6W39;
						ProvisioningStyle = Automatic;
					};
					71BA1EE73B231085ADD03089 = {
						DevelopmentTeam = YXG4MP6W39;
						ProvisioningStyle = Automatic;
					};
					DA1B9B252D28DF4638EB38AB = {
						DevelopmentTeam = YXG4MP6W39;
						ProvisioningStyle = Automatic;
					};
				};
			};
			buildConfigurationList = A2B87A8093FF0E2168AEFF93 /* Build configuration list for PBXProject "Bond" */;
			developmentRegion = en;
			hasScannedForEncodings = 0;
			knownRegions = (
				Base,
				en,
			);
			mainGroup = 384DC4EA0BDAE77BFFB9EEC9;
			minimizedProjectReferenceProxies = 1;
			packageReferences = (
				BA074C06368293E27756CE63 /* XCRemoteSwiftPackageReference "purchases-ios-spm" */,
				AA5E2A22F04AB60DB712C2AA /* XCRemoteSwiftPackageReference "supabase-swift" */,
			);
			preferredProjectObjectVersion = 77;
			productRefGroup = 22E151673E904F86E5F85C0A /* Products */;
			projectDirPath = "";
			projectRoot = "";
			targets = (
				50522AFA470C7496132750D0 /* Bond */,
				677B96B4BF97C2CB7FECBBB4 /* BondTests */,
				71BA1EE73B231085ADD03089 /* BondWatch */,
				DA1B9B252D28DF4638EB38AB /* BondWidgets */,
			);
		};
/* End PBXProject section */

/* Begin PBXResourcesBuildPhase section */
		AD00B683DD1EA81869A2547E /* Resources */ = {
			isa = PBXResourcesBuildPhase;
			buildActionMask = 2147483647;
			files = (
				F5CBECF630BB9C0454F80650 /* Assets.xcassets in Resources */,
				7CA1B023B5CB38D25CC8C942 /* PlusJakartaSans-Bold.ttf in Resources */,
				2BFF510CE94333807B0205DB /* PlusJakartaSans-Medium.ttf in Resources */,
				80DF9B1E6D3B7481C296E6D2 /* PlusJakartaSans-Regular.ttf in Resources */,
				069E29A01E9404FE7A20C27C /* PlusJakartaSans-SemiBold.ttf in Resources */,
			);
			runOnlyForDeploymentPostprocessing = 0;
		};
		E95A8EFF7C61FAD905A5A181 /* Resources */ = {
			isa = PBXResourcesBuildPhase;
			buildActionMask = 2147483647;
			files = (
				35460CE84004F5686F3D5F10 /* Assets.xcassets in Resources */,
			);
			runOnlyForDeploymentPostprocessing = 0;
		};
/* End PBXResourcesBuildPhase section */

/* Begin PBXSourcesBuildPhase section */
		2F5DBD42A0587DF838BD4361 /* Sources */ = {
			isa = PBXSourcesBuildPhase;
			buildActionMask = 2147483647;
			files = (
				570B143E3863237F137F676D /* CoupleDTOTests.swift in Sources */,
				1AD98BC93C4B7A3128EE2499 /* LoveLanguageTests.swift in Sources */,
				FE65922E9F09AD4B439AC6F1 /* MilestoneDTOTests.swift in Sources */,
				5094CCFB786B2EA0AB296343 /* ProfileDTOTests.swift in Sources */,
				B41BE25B58B6E887BA3B7C52 /* RecurrencePresetTests.swift in Sources */,
				3347E8B65E2F3F00C5F91944 /* ReminderDTOTests.swift in Sources */,
				74931C84D00EDF96A27AB45B /* ReminderEditorModelsTests.swift in Sources */,
				A3189215EDEC433363CC12F0 /* ReminderTriggerTests.swift in Sources */,
			);
			runOnlyForDeploymentPostprocessing = 0;
		};
		336ACDBF54E47908D80FCF99 /* Sources */ = {
			isa = PBXSourcesBuildPhase;
			buildActionMask = 2147483647;
			files = (
				AE772874A114CC2B5E4C2739 /* AppGroup.swift in Sources */,
				E64001C36B76C820F34B572A /* AppStoreReviewLinks.swift in Sources */,
				3335A9265520E6B1EC593C48 /* BondColors.swift in Sources */,
				6F6C2CB3F5A0CF9120D0AAA9 /* BondWidgetsBundle.swift in Sources */,
				2813CCAF01B9B86418F73CEC /* CoupleDTO.swift in Sources */,
				8F9419F2A37A33E9C4960DD2 /* DailyQuestionDTO.swift in Sources */,
				56281E60F20B712539F957FF /* LoveLanguage.swift in Sources */,
				FD11FDB9F1B6727650955C04 /* MilestoneDTO.swift in Sources */,
				4A1FFC7369BB4120070D2C6D /* ProfileDTO.swift in Sources */,
				470C83BD28F7511C14F4CCC1 /* RecurrencePreset.swift in Sources */,
				FD652D967BE346A7833D4461 /* ReminderDTO.swift in Sources */,
				634A6D2B3462452976132097 /* ReminderEditorModels.swift in Sources */,
				05B46674EDB8219D56A3D8C0 /* ReminderEventDTO.swift in Sources */,
				B4BBB555EDB39A162C36CA54 /* ReminderTemplate.swift in Sources */,
				7411F1A8C72A107812C597EB /* ReminderTrigger.swift in Sources */,
				4E84D3152AA02E4F975FD6F0 /* ReviewPromptTracker.swift in Sources */,
				F6941DD7FCB6341653A886E4 /* WatchPayload.swift in Sources */,
				F2D531BF71A180F993CD06A7 /* WidgetSnapshot.swift in Sources */,
			);
			runOnlyForDeploymentPostprocessing = 0;
		};
		CDC5BE84299338BB996CFCE6 /* Sources */ = {
			isa = PBXSourcesBuildPhase;
			buildActionMask = 2147483647;
			files = (
				52F1860A269EF29ACE6EE0A3 /* AppGroup.swift in Sources */,
				545C5035DF7F0E1CC933E769 /* AppStoreReviewLinks.swift in Sources */,
				C85B4C6B1B7AC5597C83FA4C /* AppleSignInHelper.swift in Sources */,
				E1B0AFF57064F67A389FA982 /* BondApp.swift in Sources */,
				A199C4FBC971AD75056946D8 /* BondColors.swift in Sources */,
				2FF010987033EA158398F278 /* BondComponents.swift in Sources */,
				FCFAA941E3436D74E1900EAD /* BondFont.swift in Sources */,
				C24FB3A9399D5252A92423B6 /* BondStyle.swift in Sources */,
				5BD89CAF2DF131F4EE8FDC91 /* BondTheme.swift in Sources */,
				3B838DF1DB360C572EA4A91F /* CoupleDTO.swift in Sources */,
				70A539715E4A0D1CFDFDF4AF /* DailyCheckInService.swift in Sources */,
				283326B0C9C4463EB1914AAC /* DailyCheckInView.swift in Sources */,
				3E927366F5DCD67A54AA83B4 /* DailyQuestionDTO.swift in Sources */,
				819BFBFEDE556903A09401C4 /* EmptyRemindersView.swift in Sources */,
				228F5CBF7BCA960AF4460003 /* GateSampleContent.swift in Sources */,
				59AFA28B71534A359A9F6EC7 /* IntentSetupView.swift in Sources */,
				E5743F3B95401D7F92110EAB /* LocationService.swift in Sources */,
				8408C38ED1DBEDDFB1944904 /* LoveLanguage.swift in Sources */,
				B25775643F9198940939DD61 /* LoveLanguageAnalyzer.swift in Sources */,
				5D94D2F96EDDD2FF55327F9F /* MilestoneDTO.swift in Sources */,
				B3D00EBEBA252A6F97537B64 /* MilestoneEditorView.swift in Sources */,
				EB9512343521D9C53C7DA522 /* MilestonesService.swift in Sources */,
				57BC2289724538457316CAB4 /* MilestonesView.swift in Sources */,
				76443759E56A5F120FBA2AF3 /* NotificationPrimerSheet.swift in Sources */,
				2B4C98FD09C5DF07E514341D /* NotificationRouter.swift in Sources */,
				992C2457DC8B5C6B9EFE5FAE /* NotificationScheduler.swift in Sources */,
				FE1B9776FA4A29DDCFC59E82 /* PairingService.swift in Sources */,
				8B701D9D6AD8A4BAC0672DD5 /* PairingSuccessView.swift in Sources */,
				0ED8EEED9492C17B5A9C0D64 /* PairingView.swift in Sources */,
				65B757C3698B213595B132C4 /* PaywallModifier.swift in Sources */,
				D1A8B63123A3279F9975FD5E /* PaywallPackage+Bond.swift in Sources */,
				6782BCD1DA14CFA28E8B63DD /* PaywallView.swift in Sources */,
				454F25C1F2972F1AF9FE2D2F /* PremiumGate.swift in Sources */,
				5FEE1E878E0187DE2EC0F5A6 /* ProfileDTO.swift in Sources */,
				919EB3DE7409BA035B414E2A /* PurchasesService.swift in Sources */,
				C936D494989E30796DF97085 /* RecurrencePreset.swift in Sources */,
				6EB1C7BDDF8E1A60572C72C0 /* ReminderDTO.swift in Sources */,
				0DD7D612C97250275B7DA054 /* ReminderEditorModels.swift in Sources */,
				19CC6DAF32A9EAEB84D31290 /* ReminderEditorView.swift in Sources */,
				C9F8FE48A9984D8BD8BE07D0 /* ReminderEventDTO.swift in Sources */,
				42216868266425D95BD996AB /* ReminderEventRepository.swift in Sources */,
				804E3B0744B2FFA6F7D63C93 /* ReminderListView.swift in Sources */,
				5F2AAFCE2DDEC7E0A254A5C5 /* ReminderRepository.swift in Sources */,
				48FFC533C5318497E0E802C3 /* ReminderRow.swift in Sources */,
				4EF4BBC8BE8D354A50EA4900 /* ReminderTemplate.swift in Sources */,
				BD9D1E3117B1A08C546A7445 /* ReminderTemplatesView.swift in Sources */,
				27F0B2AF1AE96E58B63A4F3A /* ReminderTrigger.swift in Sources */,
				B65D13BAD4CEC94C5AF31EB6 /* ReviewPromptSheet.swift in Sources */,
				CBA5BD9A31D30EE2E8D1443A /* ReviewPromptTracker.swift in Sources */,
				CA1994BE538E18DE8180A6AA /* SettingsView.swift in Sources */,
				D901243B3926F226062C57E2 /* StatsView.swift in Sources */,
				9A2F69C5EDACC56A8920B26F /* SupabaseConfig.swift in Sources */,
				C7C6BF0E9FFB89D1127E90DD /* SupabaseService.swift in Sources */,
				D44DC594E39222BF724D26D6 /* WatchConnectivityBridge.swift in Sources */,
				B42C73BC3E1E71858F9531DE /* WatchPayload.swift in Sources */,
				E979CADB843AA4BC1E0799A8 /* WidgetSnapshot.swift in Sources */,
				62CD4EA4E0A59DBC6E22AE4C /* WidgetSnapshotPump.swift in Sources */,
			);
			runOnlyForDeploymentPostprocessing = 0;
		};
		F678E3827F61365C677DC09A /* Sources */ = {
			isa = PBXSourcesBuildPhase;
			buildActionMask = 2147483647;
			files = (
				4E5B7E7C7B7C2FAF0E18EFE1 /* AppGroup.swift in Sources */,
				BC994AD8DBC607F4A4E7A579 /* AppStoreReviewLinks.swift in Sources */,
				4DAE11F2CBF2C051D529BAFB /* BondColors.swift in Sources */,
				BC6A2BB0AAC48DDE56E8BEE6 /* BondWatchApp.swift in Sources */,
				14271AAE2B1B55F6F1300DA3 /* CoupleDTO.swift in Sources */,
				E1C0EFE1D84ADEFDBA829B35 /* DailyQuestionDTO.swift in Sources */,
				03A4658CD638D6C07E34600F /* DictateView.swift in Sources */,
				A1A3E41F08D94F63493F5F39 /* LoveLanguage.swift in Sources */,
				E307A29AE38CBC7DE32C8BE6 /* MilestoneDTO.swift in Sources */,
				3226DA024CFAFDA32F294D31 /* ProfileDTO.swift in Sources */,
				D6F1179E8055F1C971A04654 /* RecurrencePreset.swift in Sources */,
				4423CE637C6D08B8C5EC785F /* ReminderDTO.swift in Sources */,
				C22CC43865B9C68017FCEBF3 /* ReminderEditorModels.swift in Sources */,
				B8A4BD8347DD2D9141E150D0 /* ReminderEventDTO.swift in Sources */,
				AED61940397E14521591E73C /* ReminderTemplate.swift in Sources */,
				F8591164C8A77D09DECE3911 /* ReminderTrigger.swift in Sources */,
				4DE3625D81B03BBCE58C0E27 /* ReviewPromptTracker.swift in Sources */,
				7A63C76588E01152BAE592FC /* WatchConnectivitySender.swift in Sources */,
				EF70E5BED32B37B8E03B5BBF /* WatchPayload.swift in Sources */,
				92CDAEDF1F9D98BDD8F2628F /* WidgetSnapshot.swift in Sources */,
			);
			runOnlyForDeploymentPostprocessing = 0;
		};
/* End PBXSourcesBuildPhase section */

/* Begin PBXTargetDependency section */
		7795E77A27436F07B4A449E2 /* PBXTargetDependency */ = {
			isa = PBXTargetDependency;
			target = 50522AFA470C7496132750D0 /* Bond */;
			targetProxy = FD5ED7D9F8038F72821F2694 /* PBXContainerItemProxy */;
		};
		85B7FC293F32B0A89F87B427 /* PBXTargetDependency */ = {
			isa = PBXTargetDependency;
			target = DA1B9B252D28DF4638EB38AB /* BondWidgets */;
			targetProxy = 75C1C2245A5A7C5B83ECD3F7 /* PBXContainerItemProxy */;
		};
		92FE73E1394721440FA3645C /* PBXTargetDependency */ = {
			isa = PBXTargetDependency;
			target = 71BA1EE73B231085ADD03089 /* BondWatch */;
			targetProxy = 56BC0229A3B69F89FFDF22B9 /* PBXContainerItemProxy */;
		};
/* End PBXTargetDependency section */

/* Begin XCBuildConfiguration section */
		06820EBC065A7FF499F812F6 /* Release */ = {
			isa = XCBuildConfiguration;
			buildSettings = {
				ASSETCATALOG_COMPILER_APPICON_NAME = AppIcon;
				CODE_SIGN_ENTITLEMENTS = BondWatch/BondWatch.entitlements;
				INFOPLIST_FILE = BondWatch/Info.plist;
				PRODUCT_BUNDLE_IDENTIFIER = com.jackwallner.bond.watch;
				SDKROOT = watchos;
				SKIP_INSTALL = YES;
				TARGETED_DEVICE_FAMILY = 4;
				WATCHOS_DEPLOYMENT_TARGET = 11.0;
			};
			name = Release;
		};
		2490BDF6BD1042DFE8C19290 /* Debug */ = {
			isa = XCBuildConfiguration;
			buildSettings = {
				ASSETCATALOG_COMPILER_APPICON_NAME = AppIcon;
				CODE_SIGN_ENTITLEMENTS = BondWatch/BondWatch.entitlements;
				INFOPLIST_FILE = BondWatch/Info.plist;
				PRODUCT_BUNDLE_IDENTIFIER = com.jackwallner.bond.watch;
				SDKROOT = watchos;
				SKIP_INSTALL = YES;
				TARGETED_DEVICE_FAMILY = 4;
				WATCHOS_DEPLOYMENT_TARGET = 11.0;
			};
			name = Debug;
		};
		25112293BBC3537E74D71D72 /* Debug */ = {
			isa = XCBuildConfiguration;
			buildSettings = {
				BUNDLE_LOADER = "$(TEST_HOST)";
				GENERATE_INFOPLIST_FILE = YES;
				LD_RUNPATH_SEARCH_PATHS = (
					"$(inherited)",
					"@executable_path/Frameworks",
					"@loader_path/Frameworks",
				);
				PRODUCT_BUNDLE_IDENTIFIER = com.jackwallner.bond.tests;
				SDKROOT = iphoneos;
				TARGETED_DEVICE_FAMILY = "1,2";
				TEST_HOST = "$(BUILT_PRODUCTS_DIR)/Bond.app/Bond";
			};
			name = Debug;
		};
		2982A25D7D2EF3322AA7031F /* Release */ = {
			isa = XCBuildConfiguration;
			buildSettings = {
				BUNDLE_LOADER = "$(TEST_HOST)";
				GENERATE_INFOPLIST_FILE = YES;
				LD_RUNPATH_SEARCH_PATHS = (
					"$(inherited)",
					"@executable_path/Frameworks",
					"@loader_path/Frameworks",
				);
				PRODUCT_BUNDLE_IDENTIFIER = com.jackwallner.bond.tests;
				SDKROOT = iphoneos;
				TARGETED_DEVICE_FAMILY = "1,2";
				TEST_HOST = "$(BUILT_PRODUCTS_DIR)/Bond.app/Bond";
			};
			name = Release;
		};
		68463DE4544D3CB691D40E8D /* Debug */ = {
			isa = XCBuildConfiguration;
			buildSettings = {
				ALWAYS_SEARCH_USER_PATHS = NO;
				CLANG_ANALYZER_NONNULL = YES;
				CLANG_ANALYZER_NUMBER_OBJECT_CONVERSION = YES_AGGRESSIVE;
				CLANG_CXX_LANGUAGE_STANDARD = "gnu++14";
				CLANG_CXX_LIBRARY = "libc++";
				CLANG_ENABLE_MODULES = YES;
				CLANG_ENABLE_OBJC_ARC = YES;
				CLANG_ENABLE_OBJC_WEAK = YES;
				CLANG_WARN_BLOCK_CAPTURE_AUTORELEASING = YES;
				CLANG_WARN_BOOL_CONVERSION = YES;
				CLANG_WARN_COMMA = YES;
				CLANG_WARN_CONSTANT_CONVERSION = YES;
				CLANG_WARN_DEPRECATED_OBJC_IMPLEMENTATIONS = YES;
				CLANG_WARN_DIRECT_OBJC_ISA_USAGE = YES_ERROR;
				CLANG_WARN_DOCUMENTATION_COMMENTS = YES;
				CLANG_WARN_EMPTY_BODY = YES;
				CLANG_WARN_ENUM_CONVERSION = YES;
				CLANG_WARN_INFINITE_RECURSION = YES;
				CLANG_WARN_INT_CONVERSION = YES;
				CLANG_WARN_NON_LITERAL_NULL_CONVERSION = YES;
				CLANG_WARN_OBJC_IMPLICIT_RETAIN_SELF = YES;
				CLANG_WARN_OBJC_LITERAL_CONVERSION = YES;
				CLANG_WARN_OBJC_ROOT_CLASS = YES_ERROR;
				CLANG_WARN_QUOTED_INCLUDE_IN_FRAMEWORK_HEADER = YES;
				CLANG_WARN_RANGE_LOOP_ANALYSIS = YES;
				CLANG_WARN_STRICT_PROTOTYPES = YES;
				CLANG_WARN_SUSPICIOUS_MOVE = YES;
				CLANG_WARN_UNGUARDED_AVAILABILITY = YES_AGGRESSIVE;
				CLANG_WARN_UNREACHABLE_CODE = YES;
				CLANG_WARN__DUPLICATE_METHOD_MATCH = YES;
				CODE_SIGN_STYLE = Automatic;
				COPY_PHASE_STRIP = NO;
				CURRENT_PROJECT_VERSION = 50;
				DEBUG_INFORMATION_FORMAT = dwarf;
				DEVELOPMENT_TEAM = YXG4MP6W39;
				ENABLE_STRICT_OBJC_MSGSEND = YES;
				ENABLE_TESTABILITY = YES;
				GCC_C_LANGUAGE_STANDARD = gnu11;
				GCC_DYNAMIC_NO_PIC = NO;
				GCC_NO_COMMON_BLOCKS = YES;
				GCC_OPTIMIZATION_LEVEL = 0;
				GCC_PREPROCESSOR_DEFINITIONS = (
					"$(inherited)",
					"DEBUG=1",
				);
				GCC_WARN_64_TO_32_BIT_CONVERSION = YES;
				GCC_WARN_ABOUT_RETURN_TYPE = YES_ERROR;
				GCC_WARN_UNDECLARED_SELECTOR = YES;
				GCC_WARN_UNINITIALIZED_AUTOS = YES_AGGRESSIVE;
				GCC_WARN_UNUSED_FUNCTION = YES;
				GCC_WARN_UNUSED_VARIABLE = YES;
				GENERATE_INFOPLIST_FILE = NO;
				IPHONEOS_DEPLOYMENT_TARGET = 18.0;
				MARKETING_VERSION = 1.0.0;
				MTL_ENABLE_DEBUG_INFO = INCLUDE_SOURCE;
				MTL_FAST_MATH = YES;
				ONLY_ACTIVE_ARCH = YES;
				PRODUCT_NAME = "$(TARGET_NAME)";
				SWIFT_ACTIVE_COMPILATION_CONDITIONS = DEBUG;
				SWIFT_OPTIMIZATION_LEVEL = "-Onone";
				SWIFT_VERSION = 6.0;
				WATCHOS_DEPLOYMENT_TARGET = 11.0;
			};
			name = Debug;
		};
		7512FAE93945B93EBDE2272C /* Release */ = {
			isa = XCBuildConfiguration;
			buildSettings = {
				ALWAYS_SEARCH_USER_PATHS = NO;
				CLANG_ANALYZER_NONNULL = YES;
				CLANG_ANALYZER_NUMBER_OBJECT_CONVERSION = YES_AGGRESSIVE;
				CLANG_CXX_LANGUAGE_STANDARD = "gnu++14";
				CLANG_CXX_LIBRARY = "libc++";
				CLANG_ENABLE_MODULES = YES;
				CLANG_ENABLE_OBJC_ARC = YES;
				CLANG_ENABLE_OBJC_WEAK = YES;
				CLANG_WARN_BLOCK_CAPTURE_AUTORELEASING = YES;
				CLANG_WARN_BOOL_CONVERSION = YES;
				CLANG_WARN_COMMA = YES;
				CLANG_WARN_CONSTANT_CONVERSION = YES;
				CLANG_WARN_DEPRECATED_OBJC_IMPLEMENTATIONS = YES;
				CLANG_WARN_DIRECT_OBJC_ISA_USAGE = YES_ERROR;
				CLANG_WARN_DOCUMENTATION_COMMENTS = YES;
				CLANG_WARN_EMPTY_BODY = YES;
				CLANG_WARN_ENUM_CONVERSION = YES;
				CLANG_WARN_INFINITE_RECURSION = YES;
				CLANG_WARN_INT_CONVERSION = YES;
				CLANG_WARN_NON_LITERAL_NULL_CONVERSION = YES;
				CLANG_WARN_OBJC_IMPLICIT_RETAIN_SELF = YES;
				CLANG_WARN_OBJC_LITERAL_CONVERSION = YES;
				CLANG_WARN_OBJC_ROOT_CLASS = YES_ERROR;
				CLANG_WARN_QUOTED_INCLUDE_IN_FRAMEWORK_HEADER = YES;
				CLANG_WARN_RANGE_LOOP_ANALYSIS = YES;
				CLANG_WARN_STRICT_PROTOTYPES = YES;
				CLANG_WARN_SUSPICIOUS_MOVE = YES;
				CLANG_WARN_UNGUARDED_AVAILABILITY = YES_AGGRESSIVE;
				CLANG_WARN_UNREACHABLE_CODE = YES;
				CLANG_WARN__DUPLICATE_METHOD_MATCH = YES;
				CODE_SIGN_STYLE = Automatic;
				COPY_PHASE_STRIP = NO;
				CURRENT_PROJECT_VERSION = 50;
				DEBUG_INFORMATION_FORMAT = "dwarf-with-dsym";
				DEVELOPMENT_TEAM = YXG4MP6W39;
				ENABLE_NS_ASSERTIONS = NO;
				ENABLE_STRICT_OBJC_MSGSEND = YES;
				GCC_C_LANGUAGE_STANDARD = gnu11;
				GCC_NO_COMMON_BLOCKS = YES;
				GCC_WARN_64_TO_32_BIT_CONVERSION = YES;
				GCC_WARN_ABOUT_RETURN_TYPE = YES_ERROR;
				GCC_WARN_UNDECLARED_SELECTOR = YES;
				GCC_WARN_UNINITIALIZED_AUTOS = YES_AGGRESSIVE;
				GCC_WARN_UNUSED_FUNCTION = YES;
				GCC_WARN_UNUSED_VARIABLE = YES;
				GENERATE_INFOPLIST_FILE = NO;
				IPHONEOS_DEPLOYMENT_TARGET = 18.0;
				MARKETING_VERSION = 1.0.0;
				MTL_ENABLE_DEBUG_INFO = NO;
				MTL_FAST_MATH = YES;
				PRODUCT_NAME = "$(TARGET_NAME)";
				SWIFT_COMPILATION_MODE = wholemodule;
				SWIFT_OPTIMIZATION_LEVEL = "-O";
				SWIFT_VERSION = 6.0;
				WATCHOS_DEPLOYMENT_TARGET = 11.0;
			};
			name = Release;
		};
		7DD701F29402BB5396549D11 /* Release */ = {
			isa = XCBuildConfiguration;
			buildSettings = {
				CODE_SIGN_ENTITLEMENTS = BondWidgets/BondWidgets.entitlements;
				INFOPLIST_FILE = BondWidgets/Info.plist;
				LD_RUNPATH_SEARCH_PATHS = (
					"$(inherited)",
					"@executable_path/Frameworks",
					"@executable_path/../../Frameworks",
				);
				PRODUCT_BUNDLE_IDENTIFIER = com.jackwallner.bond.widgets;
				SDKROOT = iphoneos;
				TARGETED_DEVICE_FAMILY = "1,2";
			};
			name = Release;
		};
		9671980AB4DE00EC80B8A5F3 /* Debug */ = {
			isa = XCBuildConfiguration;
			buildSettings = {
				CODE_SIGN_ENTITLEMENTS = BondWidgets/BondWidgets.entitlements;
				INFOPLIST_FILE = BondWidgets/Info.plist;
				LD_RUNPATH_SEARCH_PATHS = (
					"$(inherited)",
					"@executable_path/Frameworks",
					"@executable_path/../../Frameworks",
				);
				PRODUCT_BUNDLE_IDENTIFIER = com.jackwallner.bond.widgets;
				SDKROOT = iphoneos;
				TARGETED_DEVICE_FAMILY = "1,2";
			};
			name = Debug;
		};
		9DD0B18CEE18170E71B3D2C3 /* Debug */ = {
			isa = XCBuildConfiguration;
			buildSettings = {
				ASSETCATALOG_COMPILER_APPICON_NAME = AppIcon;
				CODE_SIGN_ENTITLEMENTS = Bond/Bond.entitlements;
				CODE_SIGN_IDENTITY = "iPhone Developer";
				INFOPLIST_FILE = Bond/Info.plist;
				LD_RUNPATH_SEARCH_PATHS = (
					"$(inherited)",
					"@executable_path/Frameworks",
				);
				PRODUCT_BUNDLE_IDENTIFIER = com.jackwallner.bond;
				SDKROOT = iphoneos;
				TARGETED_DEVICE_FAMILY = 1;
			};
			name = Debug;
		};
		AEB057E99699D0B91A8887C8 /* Release */ = {
			isa = XCBuildConfiguration;
			buildSettings = {
				ASSETCATALOG_COMPILER_APPICON_NAME = AppIcon;
				CODE_SIGN_ENTITLEMENTS = Bond/Bond.entitlements;
				CODE_SIGN_IDENTITY = "iPhone Developer";
				INFOPLIST_FILE = Bond/Info.plist;
				LD_RUNPATH_SEARCH_PATHS = (
					"$(inherited)",
					"@executable_path/Frameworks",
				);
				PRODUCT_BUNDLE_IDENTIFIER = com.jackwallner.bond;
				SDKROOT = iphoneos;
				TARGETED_DEVICE_FAMILY = 1;
			};
			name = Release;
		};
/* End XCBuildConfiguration section */

/* Begin XCConfigurationList section */
		74DE7FE610A7B7168A0373D4 /* Build configuration list for PBXNativeTarget "BondWidgets" */ = {
			isa = XCConfigurationList;
			buildConfigurations = (
				9671980AB4DE00EC80B8A5F3 /* Debug */,
				7DD701F29402BB5396549D11 /* Release */,
			);
			defaultConfigurationIsVisible = 0;
			defaultConfigurationName = Debug;
		};
		991E0CD718775AEA0B8AECC9 /* Build configuration list for PBXNativeTarget "BondTests" */ = {
			isa = XCConfigurationList;
			buildConfigurations = (
				25112293BBC3537E74D71D72 /* Debug */,
				2982A25D7D2EF3322AA7031F /* Release */,
			);
			defaultConfigurationIsVisible = 0;
			defaultConfigurationName = Debug;
		};
		A2B87A8093FF0E2168AEFF93 /* Build configuration list for PBXProject "Bond" */ = {
			isa = XCConfigurationList;
			buildConfigurations = (
				68463DE4544D3CB691D40E8D /* Debug */,
				7512FAE93945B93EBDE2272C /* Release */,
			);
			defaultConfigurationIsVisible = 0;
			defaultConfigurationName = Debug;
		};
		B7A422E75FF2C23220650953 /* Build configuration list for PBXNativeTarget "BondWatch" */ = {
			isa = XCConfigurationList;
			buildConfigurations = (
				2490BDF6BD1042DFE8C19290 /* Debug */,
				06820EBC065A7FF499F812F6 /* Release */,
			);
			defaultConfigurationIsVisible = 0;
			defaultConfigurationName = Debug;
		};
		D5C6433B61A95D55AEF5600B /* Build configuration list for PBXNativeTarget "Bond" */ = {
			isa = XCConfigurationList;
			buildConfigurations = (
				9DD0B18CEE18170E71B3D2C3 /* Debug */,
				AEB057E99699D0B91A8887C8 /* Release */,
			);
			defaultConfigurationIsVisible = 0;
			defaultConfigurationName = Debug;
		};
/* End XCConfigurationList section */

/* Begin XCRemoteSwiftPackageReference section */
		AA5E2A22F04AB60DB712C2AA /* XCRemoteSwiftPackageReference "supabase-swift" */ = {
			isa = XCRemoteSwiftPackageReference;
			repositoryURL = "https://github.com/supabase/supabase-swift.git";
			requirement = {
				kind = upToNextMajorVersion;
				minimumVersion = 2.24.0;
			};
		};
		BA074C06368293E27756CE63 /* XCRemoteSwiftPackageReference "purchases-ios-spm" */ = {
			isa = XCRemoteSwiftPackageReference;
			repositoryURL = "https://github.com/RevenueCat/purchases-ios-spm.git";
			requirement = {
				kind = upToNextMajorVersion;
				minimumVersion = 5.67.0;
			};
		};
/* End XCRemoteSwiftPackageReference section */

/* Begin XCSwiftPackageProductDependency section */
		04DB1D81058B6E8FF4DBF480 /* Supabase */ = {
			isa = XCSwiftPackageProductDependency;
			package = AA5E2A22F04AB60DB712C2AA /* XCRemoteSwiftPackageReference "supabase-swift" */;
			productName = Supabase;
		};
		7644CAA47A3A1207F2301EE4 /* RevenueCat */ = {
			isa = XCSwiftPackageProductDependency;
			package = BA074C06368293E27756CE63 /* XCRemoteSwiftPackageReference "purchases-ios-spm" */;
			productName = RevenueCat;
		};
		79DA0CE0B85E6A75ACD31F75 /* Supabase */ = {
			isa = XCSwiftPackageProductDependency;
			package = AA5E2A22F04AB60DB712C2AA /* XCRemoteSwiftPackageReference "supabase-swift" */;
			productName = Supabase;
		};
/* End XCSwiftPackageProductDependency section */
	};
	rootObject = EEC45BA88290345E9A4B1004 /* Project object */;
}
